// !$*UTF8*$!
{
	archiveVersion = 1;
	classes = {
	};
	objectVersion = 48;
	objects = {

/* Begin PBXBuildFile section */
		09E8F790AB8D1213651D1F0C /* Pods_SkilledApp.framework in Frameworks */ = {isa = PBXBuildFile; fileRef = A67F9DBA91E5AEABF22F4334 /* Pods_SkilledApp.framework */; };
		2294571D200CF3B2005E422A /* MainTableViewController.swift in Sources */ = {isa = PBXBuildFile; fileRef = 2294571C200CF3B1005E422A /* MainTableViewController.swift */; };
		2294571F200CFF03005E422A /* LogInVC.swift in Sources */ = {isa = PBXBuildFile; fileRef = 2294571E200CFF03005E422A /* LogInVC.swift */; };
		22945724200D1BE7005E422A /* MainTableViewCell.swift in Sources */ = {isa = PBXBuildFile; fileRef = 22945722200D1BE7005E422A /* MainTableViewCell.swift */; };
		22945725200D1BE7005E422A /* MainTableViewCell.xib in Resources */ = {isa = PBXBuildFile; fileRef = 22945723200D1BE7005E422A /* MainTableViewCell.xib */; };
		2294572B200D534E005E422A /* BorderStyle.swift in Sources */ = {isa = PBXBuildFile; fileRef = 2294572A200D534E005E422A /* BorderStyle.swift */; };
		22B1870B2006707800ED2933 /* AppDelegate.swift in Sources */ = {isa = PBXBuildFile; fileRef = 22B1870A2006707800ED2933 /* AppDelegate.swift */; };
		22B187102006707800ED2933 /* Main.storyboard in Resources */ = {isa = PBXBuildFile; fileRef = 22B1870E2006707800ED2933 /* Main.storyboard */; };
		22B187122006707800ED2933 /* Assets.xcassets in Resources */ = {isa = PBXBuildFile; fileRef = 22B187112006707800ED2933 /* Assets.xcassets */; };
		22B187152006707800ED2933 /* LaunchScreen.storyboard in Resources */ = {isa = PBXBuildFile; fileRef = 22B187132006707800ED2933 /* LaunchScreen.storyboard */; };
		22B1872120068AF700ED2933 /* LaunchScreenVC.swift in Sources */ = {isa = PBXBuildFile; fileRef = 22B1872020068AF700ED2933 /* LaunchScreenVC.swift */; };
		22B187232007DE4300ED2933 /* GoogleService-Info.plist in Resources */ = {isa = PBXBuildFile; fileRef = 22B187222007DE4300ED2933 /* GoogleService-Info.plist */; };
		22B187252007FC4200ED2933 /* RegisterVC.swift in Sources */ = {isa = PBXBuildFile; fileRef = 22B187242007FC4200ED2933 /* RegisterVC.swift */; };
/* End PBXBuildFile section */

/* Begin PBXFileReference section */
		2294571C200CF3B1005E422A /* MainTableViewController.swift */ = {isa = PBXFileReference; fileEncoding = 4; lastKnownFileType = sourcecode.swift; path = MainTableViewController.swift; sourceTree = "<group>"; };
		2294571E200CFF03005E422A /* LogInVC.swift */ = {isa = PBXFileReference; lastKnownFileType = sourcecode.swift; path = LogInVC.swift; sourceTree = "<group>"; };
		22945722200D1BE7005E422A /* MainTableViewCell.swift */ = {isa = PBXFileReference; lastKnownFileType = sourcecode.swift; path = MainTableViewCell.swift; sourceTree = "<group>"; };
		22945723200D1BE7005E422A /* MainTableViewCell.xib */ = {isa = PBXFileReference; lastKnownFileType = file.xib; path = MainTableViewCell.xib; sourceTree = "<group>"; };
		2294572A200D534E005E422A /* BorderStyle.swift */ = {isa = PBXFileReference; lastKnownFileType = sourcecode.swift; path = BorderStyle.swift; sourceTree = "<group>"; };
		22B187072006707800ED2933 /* SkilledApp.app */ = {isa = PBXFileReference; explicitFileType = wrapper.application; includeInIndex = 0; path = SkilledApp.app; sourceTree = BUILT_PRODUCTS_DIR; };
		22B1870A2006707800ED2933 /* AppDelegate.swift */ = {isa = PBXFileReference; lastKnownFileType = sourcecode.swift; path = AppDelegate.swift; sourceTree = "<group>"; };
		22B1870F2006707800ED2933 /* Base */ = {isa = PBXFileReference; lastKnownFileType = file.storyboard; name = Base; path = Base.lproj/Main.storyboard; sourceTree = "<group>"; };
		22B187112006707800ED2933 /* Assets.xcassets */ = {isa = PBXFileReference; lastKnownFileType = folder.assetcatalog; path = Assets.xcassets; sourceTree = "<group>"; };
		22B187142006707800ED2933 /* Base */ = {isa = PBXFileReference; lastKnownFileType = file.storyboard; name = Base; path = Base.lproj/LaunchScreen.storyboard; sourceTree = "<group>"; };
		22B187162006707800ED2933 /* Info.plist */ = {isa = PBXFileReference; lastKnownFileType = text.plist.xml; path = Info.plist; sourceTree = "<group>"; };
		22B1872020068AF700ED2933 /* LaunchScreenVC.swift */ = {isa = PBXFileReference; lastKnownFileType = sourcecode.swift; path = LaunchScreenVC.swift; sourceTree = "<group>"; };
		22B187222007DE4300ED2933 /* GoogleService-Info.plist */ = {isa = PBXFileReference; fileEncoding = 4; lastKnownFileType = text.plist.xml; path = "GoogleService-Info.plist"; sourceTree = "<group>"; };
		22B187242007FC4200ED2933 /* RegisterVC.swift */ = {isa = PBXFileReference; lastKnownFileType = sourcecode.swift; path = RegisterVC.swift; sourceTree = "<group>"; };
		A67F9DBA91E5AEABF22F4334 /* Pods_SkilledApp.framework */ = {isa = PBXFileReference; explicitFileType = wrapper.framework; includeInIndex = 0; path = Pods_SkilledApp.framework; sourceTree = BUILT_PRODUCTS_DIR; };
		C2E719878671B80B1790D431 /* Pods-SkilledApp.debug.xcconfig */ = {isa = PBXFileReference; includeInIndex = 1; lastKnownFileType = text.xcconfig; name = "Pods-SkilledApp.debug.xcconfig"; path = "Pods/Target Support Files/Pods-SkilledApp/Pods-SkilledApp.debug.xcconfig"; sourceTree = "<group>"; };
		EC51957C753A14E8281A3017 /* Pods-SkilledApp.release.xcconfig */ = {isa = PBXFileReference; includeInIndex = 1; lastKnownFileType = text.xcconfig; name = "Pods-SkilledApp.release.xcconfig"; path = "Pods/Target Support Files/Pods-SkilledApp/Pods-SkilledApp.release.xcconfig"; sourceTree = "<group>"; };
/* End PBXFileReference section */

/* Begin PBXFrameworksBuildPhase section */
		22B187042006707800ED2933 /* Frameworks */ = {
			isa = PBXFrameworksBuildPhase;
			buildActionMask = 2147483647;
			files = (
				09E8F790AB8D1213651D1F0C /* Pods_SkilledApp.framework in Frameworks */,
			);
			runOnlyForDeploymentPostprocessing = 0;
		};
/* End PBXFrameworksBuildPhase section */

/* Begin PBXGroup section */
		22945726200D3847005E422A /* Model */ = {
			isa = PBXGroup;
			children = (
			);
			path = Model;
			sourceTree = "<group>";
		};
		22945727200D3850005E422A /* View */ = {
			isa = PBXGroup;
			children = (
				22B187132006707800ED2933 /* LaunchScreen.storyboard */,
				22B1870E2006707800ED2933 /* Main.storyboard */,
				22B187112006707800ED2933 /* Assets.xcassets */,
				2294572A200D534E005E422A /* BorderStyle.swift */,
				22945729200D38A6005E422A /* Cell */,
			);
			path = View;
			sourceTree = "<group>";
		};
		22945728200D3857005E422A /* Controller */ = {
			isa = PBXGroup;
			children = (
				22B1872020068AF700ED2933 /* LaunchScreenVC.swift */,
				2294571E200CFF03005E422A /* LogInVC.swift */,
				22B187242007FC4200ED2933 /* RegisterVC.swift */,
				2294571C200CF3B1005E422A /* MainTableViewController.swift */,
			);
			path = Controller;
			sourceTree = "<group>";
		};
		22945729200D38A6005E422A /* Cell */ = {
			isa = PBXGroup;
			children = (
				22945722200D1BE7005E422A /* MainTableViewCell.swift */,
				22945723200D1BE7005E422A /* MainTableViewCell.xib */,
			);
			path = Cell;
			sourceTree = "<group>";
		};
		22B186FE2006707800ED2933 = {
			isa = PBXGroup;
			children = (
				22B187092006707800ED2933 /* SkilledApp */,
				22B187082006707800ED2933 /* Products */,
				E89F19AA2F633509A0DFEEC1 /* Pods */,
				41657EB0C44194A2A5E3D61E /* Frameworks */,
			);
			sourceTree = "<group>";
		};
		22B187082006707800ED2933 /* Products */ = {
			isa = PBXGroup;
			children = (
				22B187072006707800ED2933 /* SkilledApp.app */,
			);
			name = Products;
			sourceTree = "<group>";
		};
		22B187092006707800ED2933 /* SkilledApp */ = {
			isa = PBXGroup;
			children = (
				22B1870A2006707800ED2933 /* AppDelegate.swift */,
				22945726200D3847005E422A /* Model */,
				22945727200D3850005E422A /* View */,
				22945728200D3857005E422A /* Controller */,
				22B187162006707800ED2933 /* Info.plist */,
				22B187222007DE4300ED2933 /* GoogleService-Info.plist */,
			);
			path = SkilledApp;
			sourceTree = "<group>";
		};
		41657EB0C44194A2A5E3D61E /* Frameworks */ = {
			isa = PBXGroup;
			children = (
				A67F9DBA91E5AEABF22F4334 /* Pods_SkilledApp.framework */,
			);
			name = Frameworks;
			sourceTree = "<group>";
		};
		E89F19AA2F633509A0DFEEC1 /* Pods */ = {
			isa = PBXGroup;
			children = (
				C2E719878671B80B1790D431 /* Pods-SkilledApp.debug.xcconfig */,
				EC51957C753A14E8281A3017 /* Pods-SkilledApp.release.xcconfig */,
			);
			name = Pods;
			sourceTree = "<group>";
		};
/* End PBXGroup section */

/* Begin PBXNativeTarget section */
		22B187062006707800ED2933 /* SkilledApp */ = {
			isa = PBXNativeTarget;
			buildConfigurationList = 22B187192006707800ED2933 /* Build configuration list for PBXNativeTarget "SkilledApp" */;
			buildPhases = (
				69163132A160F10E0A0CDFF5 /* [CP] Check Pods Manifest.lock */,
				22B187032006707800ED2933 /* Sources */,
				22B187042006707800ED2933 /* Frameworks */,
				22B187052006707800ED2933 /* Resources */,
				EB4DBA2A3C0A9AE6C30DB6DC /* [CP] Embed Pods Frameworks */,
				0939A43A53B36D48975C4BA7 /* [CP] Copy Pods Resources */,
			);
			buildRules = (
			);
			dependencies = (
			);
			name = SkilledApp;
			productName = SkilledApp;
			productReference = 22B187072006707800ED2933 /* SkilledApp.app */;
			productType = "com.apple.product-type.application";
		};
/* End PBXNativeTarget section */

/* Begin PBXProject section */
		22B186FF2006707800ED2933 /* Project object */ = {
			isa = PBXProject;
			attributes = {
				LastSwiftUpdateCheck = 0920;
				LastUpgradeCheck = 0920;
				ORGANIZATIONNAME = amberApps;
				TargetAttributes = {
					22B187062006707800ED2933 = {
						CreatedOnToolsVersion = 9.2;
						ProvisioningStyle = Automatic;
					};
				};
			};
			buildConfigurationList = 22B187022006707800ED2933 /* Build configuration list for PBXProject "SkilledApp" */;
			compatibilityVersion = "Xcode 8.0";
			developmentRegion = en;
			hasScannedForEncodings = 0;
			knownRegions = (
				en,
				Base,
			);
			mainGroup = 22B186FE2006707800ED2933;
			productRefGroup = 22B187082006707800ED2933 /* Products */;
			projectDirPath = "";
			projectRoot = "";
			targets = (
				22B187062006707800ED2933 /* SkilledApp */,
			);
		};
/* End PBXProject section */

/* Begin PBXResourcesBuildPhase section */
		22B187052006707800ED2933 /* Resources */ = {
			isa = PBXResourcesBuildPhase;
			buildActionMask = 2147483647;
			files = (
				22B187232007DE4300ED2933 /* GoogleService-Info.plist in Resources */,
				22B187152006707800ED2933 /* LaunchScreen.storyboard in Resources */,
				22B187122006707800ED2933 /* Assets.xcassets in Resources */,
				22B187102006707800ED2933 /* Main.storyboard in Resources */,
				22945725200D1BE7005E422A /* MainTableViewCell.xib in Resources */,
			);
			runOnlyForDeploymentPostprocessing = 0;
		};
/* End PBXResourcesBuildPhase section */

/* Begin PBXShellScriptBuildPhase section */
		0939A43A53B36D48975C4BA7 /* [CP] Copy Pods Resources */ = {
			isa = PBXShellScriptBuildPhase;
			buildActionMask = 2147483647;
			files = (
			);
			inputPaths = (
			);
			name = "[CP] Copy Pods Resources";
			outputPaths = (
			);
			runOnlyForDeploymentPostprocessing = 0;
			shellPath = /bin/sh;
			shellScript = "\"${SRCROOT}/Pods/Target Support Files/Pods-SkilledApp/Pods-SkilledApp-resources.sh\"\n";
			showEnvVarsInLog = 0;
		};
		69163132A160F10E0A0CDFF5 /* [CP] Check Pods Manifest.lock */ = {
			isa = PBXShellScriptBuildPhase;
			buildActionMask = 2147483647;
			files = (
			);
			inputPaths = (
				"${PODS_PODFILE_DIR_PATH}/Podfile.lock",
				"${PODS_ROOT}/Manifest.lock",
			);
			name = "[CP] Check Pods Manifest.lock";
			outputPaths = (
				"$(DERIVED_FILE_DIR)/Pods-SkilledApp-checkManifestLockResult.txt",
			);
			runOnlyForDeploymentPostprocessing = 0;
			shellPath = /bin/sh;
			shellScript = "diff \"${PODS_PODFILE_DIR_PATH}/Podfile.lock\" \"${PODS_ROOT}/Manifest.lock\" > /dev/null\nif [ $? != 0 ] ; then\n    # print error to STDERR\n    echo \"error: The sandbox is not in sync with the Podfile.lock. Run 'pod install' or update your CocoaPods installation.\" >&2\n    exit 1\nfi\n# This output is used by Xcode 'outputs' to avoid re-running this script phase.\necho \"SUCCESS\" > \"${SCRIPT_OUTPUT_FILE_0}\"\n";
			showEnvVarsInLog = 0;
		};
		EB4DBA2A3C0A9AE6C30DB6DC /* [CP] Embed Pods Frameworks */ = {
			isa = PBXShellScriptBuildPhase;
			buildActionMask = 2147483647;
			files = (
			);
			inputPaths = (
				"${SRCROOT}/Pods/Target Support Files/Pods-SkilledApp/Pods-SkilledApp-frameworks.sh",
				"${BUILT_PRODUCTS_DIR}/ChameleonFramework/ChameleonFramework.framework",
				"${BUILT_PRODUCTS_DIR}/GTMSessionFetcher/GTMSessionFetcher.framework",
				"${BUILT_PRODUCTS_DIR}/GoogleToolboxForMac/GoogleToolboxForMac.framework",
				"${BUILT_PRODUCTS_DIR}/SVProgressHUD/SVProgressHUD.framework",
				"${BUILT_PRODUCTS_DIR}/leveldb-library/leveldb.framework",
				"${BUILT_PRODUCTS_DIR}/nanopb/nanopb.framework",
			);
			name = "[CP] Embed Pods Frameworks";
			outputPaths = (
				"${TARGET_BUILD_DIR}/${FRAMEWORKS_FOLDER_PATH}/ChameleonFramework.framework",
				"${TARGET_BUILD_DIR}/${FRAMEWORKS_FOLDER_PATH}/GTMSessionFetcher.framework",
				"${TARGET_BUILD_DIR}/${FRAMEWORKS_FOLDER_PATH}/GoogleToolboxForMac.framework",
				"${TARGET_BUILD_DIR}/${FRAMEWORKS_FOLDER_PATH}/SVProgressHUD.framework",
				"${TARGET_BUILD_DIR}/${FRAMEWORKS_FOLDER_PATH}/leveldb.framework",
				"${TARGET_BUILD_DIR}/${FRAMEWORKS_FOLDER_PATH}/nanopb.framework",
			);
			runOnlyForDeploymentPostprocessing = 0;
			shellPath = /bin/sh;
			shellScript = "\"${SRCROOT}/Pods/Target Support Files/Pods-SkilledApp/Pods-SkilledApp-frameworks.sh\"\n";
			showEnvVarsInLog = 0;
		};
/* End PBXShellScriptBuildPhase section */

/* Begin PBXSourcesBuildPhase section */
		22B187032006707800ED2933 /* Sources */ = {
			isa = PBXSourcesBuildPhase;
			buildActionMask = 2147483647;
			files = (
				22B187252007FC4200ED2933 /* RegisterVC.swift in Sources */,
				22B1870B2006707800ED2933 /* AppDelegate.swift in Sources */,
				2294571D200CF3B2005E422A /* MainTableViewController.swift in Sources */,
				2294571F200CFF03005E422A /* LogInVC.swift in Sources */,
				2294572B200D534E005E422A /* BorderStyle.swift in Sources */,
				22945724200D1BE7005E422A /* MainTableViewCell.swift in Sources */,
				22B1872120068AF700ED2933 /* LaunchScreenVC.swift in Sources */,
			);
			runOnlyForDeploymentPostprocessing = 0;
		};
/* End PBXSourcesBuildPhase section */

/* Begin PBXVariantGroup section */
		22B1870E2006707800ED2933 /* Main.storyboard */ = {
			isa = PBXVariantGroup;
			children = (
				22B1870F2006707800ED2933 /* Base */,
			);
			name = Main.storyboard;
			sourceTree = "<group>";
		};
		22B187132006707800ED2933 /* LaunchScreen.storyboard */ = {
			isa = PBXVariantGroup;
			children = (
				22B187142006707800ED2933 /* Base */,
			);
			name = LaunchScreen.storyboard;
			sourceTree = "<group>";
		};
/* End PBXVariantGroup section */

/* Begin XCBuildConfiguration section */
		22B187172006707800ED2933 /* Debug */ = {
			isa = XCBuildConfiguration;
			buildSettings = {
				ALWAYS_SEARCH_USER_PATHS = NO;
				CLANG_ANALYZER_NONNULL = YES;
				CLANG_ANALYZER_NUMBER_OBJECT_CONVERSION = YES_AGGRESSIVE;
				CLANG_CXX_LANGUAGE_STANDARD = "gnu++14";
				CLANG_CXX_LIBRARY = "libc++";
				CLANG_ENABLE_MODULES = YES;
				CLANG_ENABLE_OBJC_ARC = YES;
				CLANG_WARN_BLOCK_CAPTURE_AUTORELEASING = YES;
				CLANG_WARN_BOOL_CONVERSION = YES;
				CLANG_WARN_COMMA = YES;
				CLANG_WARN_CONSTANT_CONVERSION = YES;
				CLANG_WARN_DIRECT_OBJC_ISA_USAGE = YES_ERROR;
				CLANG_WARN_DOCUMENTATION_COMMENTS = YES;
				CLANG_WARN_EMPTY_BODY = YES;
				CLANG_WARN_ENUM_CONVERSION = YES;
				CLANG_WARN_INFINITE_RECURSION = YES;
				CLANG_WARN_INT_CONVERSION = YES;
				CLANG_WARN_NON_LITERAL_NULL_CONVERSION = YES;
				CLANG_WARN_OBJC_LITERAL_CONVERSION = YES;
				CLANG_WARN_OBJC_ROOT_CLASS = YES_ERROR;
				CLANG_WARN_RANGE_LOOP_ANALYSIS = YES;
				CLANG_WARN_STRICT_PROTOTYPES = YES;
				CLANG_WARN_SUSPICIOUS_MOVE = YES;
				CLANG_WARN_UNGUARDED_AVAILABILITY = YES_AGGRESSIVE;
				CLANG_WARN_UNREACHABLE_CODE = YES;
				CLANG_WARN__DUPLICATE_METHOD_MATCH = YES;
				CODE_SIGN_IDENTITY = "iPhone Developer";
				COPY_PHASE_STRIP = NO;
				DEBUG_INFORMATION_FORMAT = dwarf;
				ENABLE_STRICT_OBJC_MSGSEND = YES;
				ENABLE_TESTABILITY = YES;
				GCC_C_LANGUAGE_STANDARD = gnu11;
				GCC_DYNAMIC_NO_PIC = NO;
				GCC_NO_COMMON_BLOCKS = YES;
				GCC_OPTIMIZATION_LEVEL = 0;
				GCC_PREPROCESSOR_DEFINITIONS = (
					"DEBUG=1",
					"$(inherited)",
				);
				GCC_WARN_64_TO_32_BIT_CONVERSION = YES;
				GCC_WARN_ABOUT_RETURN_TYPE = YES_ERROR;
				GCC_WARN_UNDECLARED_SELECTOR = YES;
				GCC_WARN_UNINITIALIZED_AUTOS = YES_AGGRESSIVE;
				GCC_WARN_UNUSED_FUNCTION = YES;
				GCC_WARN_UNUSED_VARIABLE = YES;
				IPHONEOS_DEPLOYMENT_TARGET = 11.2;
				MTL_ENABLE_DEBUG_INFO = YES;
				ONLY_ACTIVE_ARCH = YES;
				SDKROOT = iphoneos;
				SWIFT_ACTIVE_COMPILATION_CONDITIONS = DEBUG;
				SWIFT_OPTIMIZATION_LEVEL = "-Onone";
			};
			name = Debug;
		};
		22B187182006707800ED2933 /* Release */ = {
			isa = XCBuildConfiguration;
			buildSettings = {
				ALWAYS_SEARCH_USER_PATHS = NO;
				CLANG_ANALYZER_NONNULL = YES;
				CLANG_ANALYZER_NUMBER_OBJECT_CONVERSION = YES_AGGRESSIVE;
				CLANG_CXX_LANGUAGE_STANDARD = "gnu++14";
				CLANG_CXX_LIBRARY = "libc++";
				CLANG_ENABLE_MODULES = YES;
				CLANG_ENABLE_OBJC_ARC = YES;
				CLANG_WARN_BLOCK_CAPTURE_AUTORELEASING = YES;
				CLANG_WARN_BOOL_CONVERSION = YES;
				CLANG_WARN_COMMA = YES;
				CLANG_WARN_CONSTANT_CONVERSION = YES;
				CLANG_WARN_DIRECT_OBJC_ISA_USAGE = YES_ERROR;
				CLANG_WARN_DOCUMENTATION_COMMENTS = YES;
				CLANG_WARN_EMPTY_BODY = YES;
				CLANG_WARN_ENUM_CONVERSION = YES;
				CLANG_WARN_INFINITE_RECURSION = YES;
				CLANG_WARN_INT_CONVERSION = YES;
				CLANG_WARN_NON_LITERAL_NULL_CONVERSION = YES;
				CLANG_WARN_OBJC_LITERAL_CONVERSION = YES;
				CLANG_WARN_OBJC_ROOT_CLASS = YES_ERROR;
				CLANG_WARN_RANGE_LOOP_ANALYSIS = YES;
				CLANG_WARN_STRICT_PROTOTYPES = YES;
				CLANG_WARN_SUSPICIOUS_MOVE = YES;
				CLANG_WARN_UNGUARDED_AVAILABILITY = YES_AGGRESSIVE;
				CLANG_WARN_UNREACHABLE_CODE = YES;
				CLANG_WARN__DUPLICATE_METHOD_MATCH = YES;
				CODE_SIGN_IDENTITY = "iPhone Developer";
				COPY_PHASE_STRIP = NO;
				DEBUG_INFORMATION_FORMAT = "dwarf-with-dsym";
				ENABLE_NS_ASSERTIONS = NO;
				ENABLE_STRICT_OBJC_MSGSEND = YES;
				GCC_C_LANGUAGE_STANDARD = gnu11;
				GCC_NO_COMMON_BLOCKS = YES;
				GCC_WARN_64_TO_32_BIT_CONVERSION = YES;
				GCC_WARN_ABOUT_RETURN_TYPE = YES_ERROR;
				GCC_WARN_UNDECLARED_SELECTOR = YES;
				GCC_WARN_UNINITIALIZED_AUTOS = YES_AGGRESSIVE;
				GCC_WARN_UNUSED_FUNCTION = YES;
				GCC_WARN_UNUSED_VARIABLE = YES;
				IPHONEOS_DEPLOYMENT_TARGET = 11.2;
				MTL_ENABLE_DEBUG_INFO = NO;
				SDKROOT = iphoneos;
				SWIFT_OPTIMIZATION_LEVEL = "-Owholemodule";
				VALIDATE_PRODUCT = YES;
			};
			name = Release;
		};
		22B1871A2006707800ED2933 /* Debug */ = {
			isa = XCBuildConfiguration;
			baseConfigurationReference = C2E719878671B80B1790D431 /* Pods-SkilledApp.debug.xcconfig */;
			buildSettings = {
				ASSETCATALOG_COMPILER_APPICON_NAME = AppIcon;
				CODE_SIGN_STYLE = Automatic;
				DEVELOPMENT_TEAM = P3Y6KB76J9;
				INFOPLIST_FILE = SkilledApp/Info.plist;
				IPHONEOS_DEPLOYMENT_TARGET = 10.0;
				LD_RUNPATH_SEARCH_PATHS = "$(inherited) @executable_path/Frameworks";
				PRODUCT_BUNDLE_IDENTIFIER = com.amberApps.SkilledApp;
				PRODUCT_NAME = "$(TARGET_NAME)";
				SWIFT_VERSION = 4.0;
				TARGETED_DEVICE_FAMILY = 1;
			};
			name = Debug;
		};
		22B1871B2006707800ED2933 /* Release */ = {
			isa = XCBuildConfiguration;
			baseConfigurationReference = EC51957C753A14E8281A3017 /* Pods-SkilledApp.release.xcconfig */;
			buildSettings = {
				ASSETCATALOG_COMPILER_APPICON_NAME = AppIcon;
				CODE_SIGN_STYLE = Automatic;
				DEVELOPMENT_TEAM = P3Y6KB76J9;
				INFOPLIST_FILE = SkilledApp/Info.plist;
				IPHONEOS_DEPLOYMENT_TARGET = 10.0;
				LD_RUNPATH_SEARCH_PATHS = "$(inherited) @executable_path/Frameworks";
				PRODUCT_BUNDLE_IDENTIFIER = com.amberApps.SkilledApp;
				PRODUCT_NAME = "$(TARGET_NAME)";
				SWIFT_VERSION = 4.0;
				TARGETED_DEVICE_FAMILY = 1;
			};
			name = Release;
		};
/* End XCBuildConfiguration section */

/* Begin XCConfigurationList section */
		22B187022006707800ED2933 /* Build configuration list for PBXProject "SkilledApp" */ = {
			isa = XCConfigurationList;
			buildConfigurations = (
				22B187172006707800ED2933 /* Debug */,
				22B187182006707800ED2933 /* Release */,
			);
			defaultConfigurationIsVisible = 0;
			defaultConfigurationName = Release;
		};
		22B187192006707800ED2933 /* Build configuration list for PBXNativeTarget "SkilledApp" */ = {
			isa = XCConfigurationList;
			buildConfigurations = (
				22B1871A2006707800ED2933 /* Debug */,
				22B1871B2006707800ED2933 /* Release */,
			);
			defaultConfigurationIsVisible = 0;
			defaultConfigurationName = Release;
		};
/* End XCConfigurationList section */
	};
	rootObject = 22B186FF2006707800ED2933 /* Project object */;
}
